// !$*UTF8*$!
{
	archiveVersion = 1;
	classes = {
	};
	objectVersion = 55;
	objects = {

/* Begin PBXBuildFile section */
		262AE2C227CEC5FC0074B599 /* musicplayerApp.swift in Sources */ = {isa = PBXBuildFile; fileRef = 262AE2B227CEC5F80074B599 /* musicplayerApp.swift */; };
		262AE2C327CEC5FC0074B599 /* musicplayerApp.swift in Sources */ = {isa = PBXBuildFile; fileRef = 262AE2B227CEC5F80074B599 /* musicplayerApp.swift */; };
		262AE2C427CEC5FC0074B599 /* ContentView.swift in Sources */ = {isa = PBXBuildFile; fileRef = 262AE2B327CEC5F80074B599 /* ContentView.swift */; };
		262AE2C527CEC5FC0074B599 /* ContentView.swift in Sources */ = {isa = PBXBuildFile; fileRef = 262AE2B327CEC5F80074B599 /* ContentView.swift */; };
		262AE2C627CEC5FC0074B599 /* Assets.xcassets in Resources */ = {isa = PBXBuildFile; fileRef = 262AE2B427CEC5FC0074B599 /* Assets.xcassets */; };
		262AE2C727CEC5FC0074B599 /* Assets.xcassets in Resources */ = {isa = PBXBuildFile; fileRef = 262AE2B427CEC5FC0074B599 /* Assets.xcassets */; };
		262AE2E527CF27840074B599 /* MarkerFelt.ttc in Resources */ = {isa = PBXBuildFile; fileRef = 262AE2E427CF27840074B599 /* MarkerFelt.ttc */; };
		262AE2E627CF27840074B599 /* MarkerFelt.ttc in Resources */ = {isa = PBXBuildFile; fileRef = 262AE2E427CF27840074B599 /* MarkerFelt.ttc */; };
		262AE2EB27CF36940074B599 /* page2.swift in Sources */ = {isa = PBXBuildFile; fileRef = 262AE2EA27CF36940074B599 /* page2.swift */; };
		262AE2EC27CF36940074B599 /* page2.swift in Sources */ = {isa = PBXBuildFile; fileRef = 262AE2EA27CF36940074B599 /* page2.swift */; };
/* End PBXBuildFile section */

/* Begin PBXFileReference section */
		262AE2B227CEC5F80074B599 /* musicplayerApp.swift */ = {isa = PBXFileReference; lastKnownFileType = sourcecode.swift; path = musicplayerApp.swift; sourceTree = "<group>"; };
		262AE2B327CEC5F80074B599 /* ContentView.swift */ = {isa = PBXFileReference; lastKnownFileType = sourcecode.swift; path = ContentView.swift; sourceTree = "<group>"; };
		262AE2B427CEC5FC0074B599 /* Assets.xcassets */ = {isa = PBXFileReference; lastKnownFileType = folder.assetcatalog; path = Assets.xcassets; sourceTree = "<group>"; };
		262AE2B927CEC5FC0074B599 /* musicplayer.app */ = {isa = PBXFileReference; explicitFileType = wrapper.application; includeInIndex = 0; path = musicplayer.app; sourceTree = BUILT_PRODUCTS_DIR; };
		262AE2BF27CEC5FC0074B599 /* musicplayer.app */ = {isa = PBXFileReference; explicitFileType = wrapper.application; includeInIndex = 0; path = musicplayer.app; sourceTree = BUILT_PRODUCTS_DIR; };
		262AE2C127CEC5FC0074B599 /* macOS.entitlements */ = {isa = PBXFileReference; lastKnownFileType = text.plist.entitlements; path = macOS.entitlements; sourceTree = "<group>"; };
		262AE2D427CECBB20074B599 /* Ryuichi.jpeg */ = {isa = PBXFileReference; lastKnownFileType = image.jpeg; path = Ryuichi.jpeg; sourceTree = "<group>"; };
		262AE2E427CF27840074B599 /* MarkerFelt.ttc */ = {isa = PBXFileReference; lastKnownFileType = file; name = MarkerFelt.ttc; path = ../../../../../../../../System/Library/Fonts/MarkerFelt.ttc; sourceTree = "<group>"; };
		262AE2EA27CF36940074B599 /* page2.swift */ = {isa = PBXFileReference; lastKnownFileType = sourcecode.swift; path = page2.swift; sourceTree = "<group>"; };
/* End PBXFileReference section */

/* Begin PBXFrameworksBuildPhase section */
		262AE2B627CEC5FC0074B599 /* Frameworks */ = {
			isa = PBXFrameworksBuildPhase;
			buildActionMask = 2147483647;
			files = (
			);
			runOnlyForDeploymentPostprocessing = 0;
		};
		262AE2BC27CEC5FC0074B599 /* Frameworks */ = {
			isa = PBXFrameworksBuildPhase;
			buildActionMask = 2147483647;
			files = (
			);
			runOnlyForDeploymentPostprocessing = 0;
		};
/* End PBXFrameworksBuildPhase section */

/* Begin PBXGroup section */
		262AE2AC27CEC5F70074B599 = {
			isa = PBXGroup;
			children = (
				262AE2B127CEC5F80074B599 /* Shared */,
				262AE2C027CEC5FC0074B599 /* macOS */,
				262AE2BA27CEC5FC0074B599 /* Products */,
			);
			sourceTree = "<group>";
		};
		262AE2B127CEC5F80074B599 /* Shared */ = {
			isa = PBXGroup;
			children = (
				262AE2B227CEC5F80074B599 /* musicplayerApp.swift */,
				262AE2B327CEC5F80074B599 /* ContentView.swift */,
				262AE2EA27CF36940074B599 /* page2.swift */,
				262AE2E427CF27840074B599 /* MarkerFelt.ttc */,
				262AE2B427CEC5FC0074B599 /* Assets.xcassets */,
				262AE2D027CEC7B50074B599 /* Resources */,
			);
			path = Shared;
			sourceTree = "<group>";
		};
		262AE2BA27CEC5FC0074B599 /* Products */ = {
			isa = PBXGroup;
			children = (
				262AE2B927CEC5FC0074B599 /* musicplayer.app */,
				262AE2BF27CEC5FC0074B599 /* musicplayer.app */,
			);
			name = Products;
			sourceTree = "<group>";
		};
		262AE2C027CEC5FC0074B599 /* macOS */ = {
			isa = PBXGroup;
			children = (
				262AE2C127CEC5FC0074B599 /* macOS.entitlements */,
			);
			path = macOS;
			sourceTree = "<group>";
		};
		262AE2D027CEC7B50074B599 /* Resources */ = {
			isa = PBXGroup;
			children = (
				262AE2D427CECBB20074B599 /* Ryuichi.jpeg */,
			);
			path = Resources;
			sourceTree = "<group>";
		};
/* End PBXGroup section */

/* Begin PBXNativeTarget section */
		262AE2B827CEC5FC0074B599 /* musicplayer (iOS) */ = {
			isa = PBXNativeTarget;
			buildConfigurationList = 262AE2CA27CEC5FC0074B599 /* Build configuration list for PBXNativeTarget "musicplayer (iOS)" */;
			buildPhases = (
				262AE2B527CEC5FC0074B599 /* Sources */,
				262AE2B627CEC5FC0074B599 /* Frameworks */,
				262AE2B727CEC5FC0074B599 /* Resources */,
			);
			buildRules = (
			);
			dependencies = (
			);
			name = "musicplayer (iOS)";
			productName = "musicplayer (iOS)";
			productReference = 262AE2B927CEC5FC0074B599 /* musicplayer.app */;
			productType = "com.apple.product-type.application";
		};
		262AE2BE27CEC5FC0074B599 /* musicplayer (macOS) */ = {
			isa = PBXNativeTarget;
			buildConfigurationList = 262AE2CD27CEC5FC0074B599 /* Build configuration list for PBXNativeTarget "musicplayer (macOS)" */;
			buildPhases = (
				262AE2BB27CEC5FC0074B599 /* Sources */,
				262AE2BC27CEC5FC0074B599 /* Frameworks */,
				262AE2BD27CEC5FC0074B599 /* Resources */,
			);
			buildRules = (
			);
			dependencies = (
			);
			name = "musicplayer (macOS)";
			productName = "musicplayer (macOS)";
			productReference = 262AE2BF27CEC5FC0074B599 /* musicplayer.app */;
			productType = "com.apple.product-type.application";
		};
/* End PBXNativeTarget section */

/* Begin PBXProject section */
		262AE2AD27CEC5F70074B599 /* Project object */ = {
			isa = PBXProject;
			attributes = {
				BuildIndependentTargetsInParallel = 1;
				LastSwiftUpdateCheck = 1320;
				LastUpgradeCheck = 1320;
				TargetAttributes = {
					262AE2B827CEC5FC0074B599 = {
						CreatedOnToolsVersion = 13.2.1;
					};
					262AE2BE27CEC5FC0074B599 = {
						CreatedOnToolsVersion = 13.2.1;
					};
				};
			};
			buildConfigurationList = 262AE2B027CEC5F70074B599 /* Build configuration list for PBXProject "musicplayer" */;
			compatibilityVersion = "Xcode 13.0";
			developmentRegion = en;
			hasScannedForEncodings = 0;
			knownRegions = (
				en,
				Base,
			);
			mainGroup = 262AE2AC27CEC5F70074B599;
			productRefGroup = 262AE2BA27CEC5FC0074B599 /* Products */;
			projectDirPath = "";
			projectRoot = "";
			targets = (
				262AE2B827CEC5FC0074B599 /* musicplayer (iOS) */,
				262AE2BE27CEC5FC0074B599 /* musicplayer (macOS) */,
			);
		};
/* End PBXProject section */

/* Begin PBXResourcesBuildPhase section */
		262AE2B727CEC5FC0074B599 /* Resources */ = {
			isa = PBXResourcesBuildPhase;
			buildActionMask = 2147483647;
			files = (
				262AE2E527CF27840074B599 /* MarkerFelt.ttc in Resources */,
				262AE2C627CEC5FC0074B599 /* Assets.xcassets in Resources */,
			);
			runOnlyForDeploymentPostprocessing = 0;
		};
		262AE2BD27CEC5FC0074B599 /* Resources */ = {
			isa = PBXResourcesBuildPhase;
			buildActionMask = 2147483647;
			files = (
				262AE2E627CF27840074B599 /* MarkerFelt.ttc in Resources */,
				262AE2C727CEC5FC0074B599 /* Assets.xcassets in Resources */,
			);
			runOnlyForDeploymentPostprocessing = 0;
		};
/* End PBXResourcesBuildPhase section */

/* Begin PBXSourcesBuildPhase section */
		262AE2B527CEC5FC0074B599 /* Sources */ = {
			isa = PBXSourcesBuildPhase;
			buildActionMask = 2147483647;
			files = (
				262AE2C427CEC5FC0074B599 /* ContentView.swift in Sources */,
				262AE2C227CEC5FC0074B599 /* musicplayerApp.swift in Sources */,
				262AE2EB27CF36940074B599 /* page2.swift in Sources */,
			);
			runOnlyForDeploymentPostprocessing = 0;
		};
		262AE2BB27CEC5FC0074B599 /* Sources */ = {
			isa = PBXSourcesBuildPhase;
			buildActionMask = 2147483647;
			files = (
				262AE2C527CEC5FC0074B599 /* ContentView.swift in Sources */,
				262AE2C327CEC5FC0074B599 /* musicplayerApp.swift in Sources */,
				262AE2EC27CF36940074B599 /* page2.swift in Sources */,
			);
			runOnlyForDeploymentPostprocessing = 0;
		};
/* End PBXSourcesBuildPhase section */

/* Begin XCBuildConfiguration section */
		262AE2C827CEC5FC0074B599 /* Debug */ = {
			isa = XCBuildConfiguration;
			buildSettings = {
				ALWAYS_SEARCH_USER_PATHS = NO;
				CLANG_ANALYZER_NONNULL = YES;
				CLANG_ANALYZER_NUMBER_OBJECT_CONVERSION = YES_AGGRESSIVE;
				CLANG_CXX_LANGUAGE_STANDARD = "gnu++17";
				CLANG_CXX_LIBRARY = "libc++";
				CLANG_ENABLE_MODULES = YES;
				CLANG_ENABLE_OBJC_ARC = YES;
				CLANG_ENABLE_OBJC_WEAK = YES;
				CLANG_WARN_BLOCK_CAPTURE_AUTORELEASING = YES;
				CLANG_WARN_BOOL_CONVERSION = YES;
				CLANG_WARN_COMMA = YES;
				CLANG_WARN_CONSTANT_CONVERSION = YES;
				CLANG_WARN_DEPRECATED_OBJC_IMPLEMENTATIONS = YES;
				CLANG_WARN_DIRECT_OBJC_ISA_USAGE = YES_ERROR;
				CLANG_WARN_DOCUMENTATION_COMMENTS = YES;
				CLANG_WARN_EMPTY_BODY = YES;
				CLANG_WARN_ENUM_CONVERSION = YES;
				CLANG_WARN_INFINITE_RECURSION = YES;
				CLANG_WARN_INT_CONVERSION = YES;
				CLANG_WARN_NON_LITERAL_NULL_CONVERSION = YES;
				CLANG_WARN_OBJC_IMPLICIT_RETAIN_SELF = YES;
				CLANG_WARN_OBJC_LITERAL_CONVERSION = YES;
				CLANG_WARN_OBJC_ROOT_CLASS = YES_ERROR;
				CLANG_WARN_QUOTED_INCLUDE_IN_FRAMEWORK_HEADER = YES;
				CLANG_WARN_RANGE_LOOP_ANALYSIS = YES;
				CLANG_WARN_STRICT_PROTOTYPES = YES;
				CLANG_WARN_SUSPICIOUS_MOVE = YES;
				CLANG_WARN_UNGUARDED_AVAILABILITY = YES_AGGRESSIVE;
				CLANG_WARN_UNREACHABLE_CODE = YES;
				CLANG_WARN__DUPLICATE_METHOD_MATCH = YES;
				COPY_PHASE_STRIP = NO;
				DEBUG_INFORMATION_FORMAT = dwarf;
				ENABLE_STRICT_OBJC_MSGSEND = YES;
				ENABLE_TESTABILITY = YES;
				GCC_C_LANGUAGE_STANDARD = gnu11;
				GCC_DYNAMIC_NO_PIC = NO;
				GCC_NO_COMMON_BLOCKS = YES;
				GCC_OPTIMIZATION_LEVEL = 0;
				GCC_PREPROCESSOR_DEFINITIONS = (
					"DEBUG=1",
					"$(inherited)",
				);
				GCC_WARN_64_TO_32_BIT_CONVERSION = YES;
				GCC_WARN_ABOUT_RETURN_TYPE = YES_ERROR;
				GCC_WARN_UNDECLARED_SELECTOR = YES;
				GCC_WARN_UNINITIALIZED_AUTOS = YES_AGGRESSIVE;
				GCC_WARN_UNUSED_FUNCTION = YES;
				GCC_WARN_UNUSED_VARIABLE = YES;
				MTL_ENABLE_DEBUG_INFO = INCLUDE_SOURCE;
				MTL_FAST_MATH = YES;
				ONLY_ACTIVE_ARCH = YES;
				SWIFT_ACTIVE_COMPILATION_CONDITIONS = DEBUG;
				SWIFT_OPTIMIZATION_LEVEL = "-Onone";
			};
			name = Debug;
		};
		262AE2C927CEC5FC0074B599 /* Release */ = {
			isa = XCBuildConfiguration;
			buildSettings = {
				ALWAYS_SEARCH_USER_PATHS = NO;
				CLANG_ANALYZER_NONNULL = YES;
				CLANG_ANALYZER_NUMBER_OBJECT_CONVERSION = YES_AGGRESSIVE;
				CLANG_CXX_LANGUAGE_STANDARD = "gnu++17";
				CLANG_CXX_LIBRARY = "libc++";
				CLANG_ENABLE_MODULES = YES;
				CLANG_ENABLE_OBJC_ARC = YES;
				CLANG_ENABLE_OBJC_WEAK = YES;
				CLANG_WARN_BLOCK_CAPTURE_AUTORELEASING = YES;
				CLANG_WARN_BOOL_CONVERSION = YES;
				CLANG_WARN_COMMA = YES;
				CLANG_WARN_CONSTANT_CONVERSION = YES;
				CLANG_WARN_DEPRECATED_OBJC_IMPLEMENTATIONS = YES;
				CLANG_WARN_DIRECT_OBJC_ISA_USAGE = YES_ERROR;
				CLANG_WARN_DOCUMENTATION_COMMENTS = YES;
				CLANG_WARN_EMPTY_BODY = YES;
				CLANG_WARN_ENUM_CONVERSION = YES;
				CLANG_WARN_INFINITE_RECURSION = YES;
				CLANG_WARN_INT_CONVERSION = YES;
				CLANG_WARN_NON_LITERAL_NULL_CONVERSION = YES;
				CLANG_WARN_OBJC_IMPLICIT_RETAIN_SELF = YES;
				CLANG_WARN_OBJC_LITERAL_CONVERSION = YES;
				CLANG_WARN_OBJC_ROOT_CLASS = YES_ERROR;
				CLANG_WARN_QUOTED_INCLUDE_IN_FRAMEWORK_HEADER = YES;
				CLANG_WARN_RANGE_LOOP_ANALYSIS = YES;
				CLANG_WARN_STRICT_PROTOTYPES = YES;
				CLANG_WARN_SUSPICIOUS_MOVE = YES;
				CLANG_WARN_UNGUARDED_AVAILABILITY = YES_AGGRESSIVE;
				CLANG_WARN_UNREACHABLE_CODE = YES;
				CLANG_WARN__DUPLICATE_METHOD_MATCH = YES;
				COPY_PHASE_STRIP = NO;
				DEBUG_INFORMATION_FORMAT = "dwarf-with-dsym";
				ENABLE_NS_ASSERTIONS = NO;
				ENABLE_STRICT_OBJC_MSGSEND = YES;
				GCC_C_LANGUAGE_STANDARD = gnu11;
				GCC_NO_COMMON_BLOCKS = YES;
				GCC_WARN_64_TO_32_BIT_CONVERSION = YES;
				GCC_WARN_ABOUT_RETURN_TYPE = YES_ERROR;
				GCC_WARN_UNDECLARED_SELECTOR = YES;
				GCC_WARN_UNINITIALIZED_AUTOS = YES_AGGRESSIVE;
				GCC_WARN_UNUSED_FUNCTION = YES;
				GCC_WARN_UNUSED_VARIABLE = YES;
				MTL_ENABLE_DEBUG_INFO = NO;
				MTL_FAST_MATH = YES;
				SWIFT_COMPILATION_MODE = wholemodule;
				SWIFT_OPTIMIZATION_LEVEL = "-O";
			};
			name = Release;
		};
		262AE2CB27CEC5FC0074B599 /* Debug */ = {
			isa = XCBuildConfiguration;
			buildSettings = {
				ASSETCATALOG_COMPILER_APPICON_NAME = AppIcon;
				ASSETCATALOG_COMPILER_GLOBAL_ACCENT_COLOR_NAME = AccentColor;
				CODE_SIGN_STYLE = Automatic;
				CURRENT_PROJECT_VERSION = 1;
				DEVELOPMENT_TEAM = HKDWBLM42R;
				ENABLE_PREVIEWS = YES;
				GENERATE_INFOPLIST_FILE = YES;
				INFOPLIST_KEY_UIApplicationSceneManifest_Generation = YES;
				INFOPLIST_KEY_UIApplicationSupportsIndirectInputEvents = YES;
				INFOPLIST_KEY_UILaunchScreen_Generation = YES;
				INFOPLIST_KEY_UISupportedInterfaceOrientations_iPad = "UIInterfaceOrientationPortrait UIInterfaceOrientationPortraitUpsideDown UIInterfaceOrientationLandscapeLeft UIInterfaceOrientationLandscapeRight";
				INFOPLIST_KEY_UISupportedInterfaceOrientations_iPhone = "UIInterfaceOrientationPortrait UIInterfaceOrientationLandscapeLeft UIInterfaceOrientationLandscapeRight";
				IPHONEOS_DEPLOYMENT_TARGET = 15.2;
				LD_RUNPATH_SEARCH_PATHS = (
					"$(inherited)",
					"@executable_path/Frameworks",
				);
				MARKETING_VERSION = 1.0;
				PRODUCT_BUNDLE_IDENTIFIER = "-.musicplayer";
				PRODUCT_NAME = musicplayer;
				SDKROOT = iphoneos;
				SWIFT_EMIT_LOC_STRINGS = YES;
				SWIFT_VERSION = 5.0;
				TARGETED_DEVICE_FAMILY = "1,2";
			};
			name = Debug;
		};
		262AE2CC27CEC5FC0074B599 /* Release */ = {
			isa = XCBuildConfiguration;
			buildSettings = {
				ASSETCATALOG_COMPILER_APPICON_NAME = AppIcon;
				ASSETCATALOG_COMPILER_GLOBAL_ACCENT_COLOR_NAME = AccentColor;
				CODE_SIGN_STYLE = Automatic;
				CURRENT_PROJECT_VERSION = 1;
				DEVELOPMENT_TEAM = HKDWBLM42R;
				ENABLE_PREVIEWS = YES;
				GENERATE_INFOPLIST_FILE = YES;
				INFOPLIST_KEY_UIApplicationSceneManifest_Generation = YES;
				INFOPLIST_KEY_UIApplicationSupportsIndirectInputEvents = YES;
				INFOPLIST_KEY_UILaunchScreen_Generation = YES;
				INFOPLIST_KEY_UISupportedInterfaceOrientations_iPad = "UIInterfaceOrientationPortrait UIInterfaceOrientationPortraitUpsideDown UIInterfaceOrientationLandscapeLeft UIInterfaceOrientationLandscapeRight";
				INFOPLIST_KEY_UISupportedInterfaceOrientations_iPhone = "UIInterfaceOrientationPortrait UIInterfaceOrientationLandscapeLeft UIInterfaceOrientationLandscapeRight";
				IPHONEOS_DEPLOYMENT_TARGET = 15.2;
				LD_RUNPATH_SEARCH_PATHS = (
					"$(inherited)",
					"@executable_path/Frameworks",
				);
				MARKETING_VERSION = 1.0;
				PRODUCT_BUNDLE_IDENTIFIER = "-.musicplayer";
				PRODUCT_NAME = musicplayer;
				SDKROOT = iphoneos;
				SWIFT_EMIT_LOC_STRINGS = YES;
				SWIFT_VERSION = 5.0;
				TARGETED_DEVICE_FAMILY = "1,2";
				VALIDATE_PRODUCT = YES;
			};
			name = Release;
		};
		262AE2CE27CEC5FC0074B599 /* Debug */ = {
			isa = XCBuildConfiguration;
			buildSettings = {
				ASSETCATALOG_COMPILER_APPICON_NAME = AppIcon;
				ASSETCATALOG_COMPILER_GLOBAL_ACCENT_COLOR_NAME = AccentColor;
				CODE_SIGN_ENTITLEMENTS = macOS/macOS.entitlements;
				CODE_SIGN_STYLE = Automatic;
				COMBINE_HIDPI_IMAGES = YES;
				CURRENT_PROJECT_VERSION = 1;
				DEVELOPMENT_TEAM = HKDWBLM42R;
				ENABLE_HARDENED_RUNTIME = YES;
				ENABLE_PREVIEWS = YES;
				GENERATE_INFOPLIST_FILE = YES;
				INFOPLIST_KEY_NSHumanReadableCopyright = "";
				LD_RUNPATH_SEARCH_PATHS = (
					"$(inherited)",
					"@executable_path/../Frameworks",
				);
				MACOSX_DEPLOYMENT_TARGET = 11.6;
				MARKETING_VERSION = 1.0;
				PRODUCT_BUNDLE_IDENTIFIER = "-.musicplayer";
				PRODUCT_NAME = musicplayer;
				SDKROOT = macosx;
				SWIFT_EMIT_LOC_STRINGS = YES;
				SWIFT_VERSION = 5.0;
			};
			name = Debug;
		};
		262AE2CF27CEC5FC0074B599 /* Release */ = {
			isa = XCBuildConfiguration;
			buildSettings = {
				ASSETCATALOG_COMPILER_APPICON_NAME = AppIcon;
				ASSETCATALOG_COMPILER_GLOBAL_ACCENT_COLOR_NAME = AccentColor;
				CODE_SIGN_ENTITLEMENTS = macOS/macOS.entitlements;
				CODE_SIGN_STYLE = Automatic;
				COMBINE_HIDPI_IMAGES = YES;
				CURRENT_PROJECT_VERSION = 1;
				DEVELOPMENT_TEAM = HKDWBLM42R;
				ENABLE_HARDENED_RUNTIME = YES;
				ENABLE_PREVIEWS = YES;
				GENERATE_INFOPLIST_FILE = YES;
				INFOPLIST_KEY_NSHumanReadableCopyright = "";
				LD_RUNPATH_SEARCH_PATHS = (
					"$(inherited)",
					"@executable_path/../Frameworks",
				);
				MACOSX_DEPLOYMENT_TARGET = 11.6;
				MARKETING_VERSION = 1.0;
				PRODUCT_BUNDLE_IDENTIFIER = "-.musicplayer";
				PRODUCT_NAME = musicplayer;
				SDKROOT = macosx;
				SWIFT_EMIT_LOC_STRINGS = YES;
				SWIFT_VERSION = 5.0;
			};
			name = Release;
		};
/* End XCBuildConfiguration section */

/* Begin XCConfigurationList section */
		262AE2B027CEC5F70074B599 /* Build configuration list for PBXProject "musicplayer" */ = {
			isa = XCConfigurationList;
			buildConfigurations = (
				262AE2C827CEC5FC0074B599 /* Debug */,
				262AE2C927CEC5FC0074B599 /* Release */,
			);
			defaultConfigurationIsVisible = 0;
			defaultConfigurationName = Release;
		};
		262AE2CA27CEC5FC0074B599 /* Build configuration list for PBXNativeTarget "musicplayer (iOS)" */ = {
			isa = XCConfigurationList;
			buildConfigurations = (
				262AE2CB27CEC5FC0074B599 /* Debug */,
				262AE2CC27CEC5FC0074B599 /* Release */,
			);
			defaultConfigurationIsVisible = 0;
			defaultConfigurationName = Release;
		};
		262AE2CD27CEC5FC0074B599 /* Build configuration list for PBXNativeTarget "musicplayer (macOS)" */ = {
			isa = XCConfigurationList;
			buildConfigurations = (
				262AE2CE27CEC5FC0074B599 /* Debug */,
				262AE2CF27CEC5FC0074B599 /* Release */,
			);
			defaultConfigurationIsVisible = 0;
			defaultConfigurationName = Release;
		};
/* End XCConfigurationList section */
	};
	rootObject = 262AE2AD27CEC5F70074B599 /* Project object */;
}
