// !$*UTF8*$!
{
	archiveVersion = 1;
	classes = {
	};
	objectVersion = 55;
	objects = {

/* Begin PBXBuildFile section */
		26FE1EB027BD57AB00EA5C67 /* Week_3_Homework_AppApp.swift in Sources */ = {isa = PBXBuildFile; fileRef = 26FE1EAF27BD57AB00EA5C67 /* Week_3_Homework_AppApp.swift */; };
		26FE1EB227BD57AB00EA5C67 /* ContentView.swift in Sources */ = {isa = PBXBuildFile; fileRef = 26FE1EB127BD57AB00EA5C67 /* ContentView.swift */; };
		26FE1EB427BD57B100EA5C67 /* Assets.xcassets in Resources */ = {isa = PBXBuildFile; fileRef = 26FE1EB327BD57B100EA5C67 /* Assets.xcassets */; };
		26FE1EB727BD57B100EA5C67 /* Preview Assets.xcassets in Resources */ = {isa = PBXBuildFile; fileRef = 26FE1EB627BD57B100EA5C67 /* Preview Assets.xcassets */; };
		26FE1EC127BD57B100EA5C67 /* Week_3_Homework_AppTests.swift in Sources */ = {isa = PBXBuildFile; fileRef = 26FE1EC027BD57B100EA5C67 /* Week_3_Homework_AppTests.swift */; };
		26FE1ECB27BD57B100EA5C67 /* Week_3_Homework_AppUITests.swift in Sources */ = {isa = PBXBuildFile; fileRef = 26FE1ECA27BD57B100EA5C67 /* Week_3_Homework_AppUITests.swift */; };
		26FE1ECD27BD57B100EA5C67 /* Week_3_Homework_AppUITestsLaunchTests.swift in Sources */ = {isa = PBXBuildFile; fileRef = 26FE1ECC27BD57B100EA5C67 /* Week_3_Homework_AppUITestsLaunchTests.swift */; };
		26FE1EDD27BD6EE200EA5C67 /* Paradise.swift in Sources */ = {isa = PBXBuildFile; fileRef = 26FE1EDB27BD6EE000EA5C67 /* Paradise.swift */; };
		26FE1EDE27BD6EE200EA5C67 /* Paradises.xcassets in Resources */ = {isa = PBXBuildFile; fileRef = 26FE1EDC27BD6EE200EA5C67 /* Paradises.xcassets */; };
		26FE1EE027BDB44400EA5C67 /* ParadiseDetail.swift in Sources */ = {isa = PBXBuildFile; fileRef = 26FE1EDF27BDB44400EA5C67 /* ParadiseDetail.swift */; };
		26FE1F3F27C74B2100EA5C67 /* 2.wav in Resources */ = {isa = PBXBuildFile; fileRef = 26FE1F3C27C74B2100EA5C67 /* 2.wav */; };
		26FE1F4027C74B2100EA5C67 /* 1.wav in Resources */ = {isa = PBXBuildFile; fileRef = 26FE1F3D27C74B2100EA5C67 /* 1.wav */; };
		26FE1F4127C74B2100EA5C67 /* 3.wav in Resources */ = {isa = PBXBuildFile; fileRef = 26FE1F3E27C74B2100EA5C67 /* 3.wav */; };
		26FE1F4327C74B5A00EA5C67 /* Page1.swift in Sources */ = {isa = PBXBuildFile; fileRef = 26FE1F4227C74B5A00EA5C67 /* Page1.swift */; };
/* End PBXBuildFile section */

/* Begin PBXContainerItemProxy section */
		26FE1EBD27BD57B100EA5C67 /* PBXContainerItemProxy */ = {
			isa = PBXContainerItemProxy;
			containerPortal = 26FE1EA427BD57AB00EA5C67 /* Project object */;
			proxyType = 1;
			remoteGlobalIDString = 26FE1EAB27BD57AB00EA5C67;
			remoteInfo = "Week 3 Homework App";
		};
		26FE1EC727BD57B100EA5C67 /* PBXContainerItemProxy */ = {
			isa = PBXContainerItemProxy;
			containerPortal = 26FE1EA427BD57AB00EA5C67 /* Project object */;
			proxyType = 1;
			remoteGlobalIDString = 26FE1EAB27BD57AB00EA5C67;
			remoteInfo = "Week 3 Homework App";
		};
/* End PBXContainerItemProxy section */

/* Begin PBXFileReference section */
		26FE1EAC27BD57AB00EA5C67 /* Week 3 Homework App.app */ = {isa = PBXFileReference; explicitFileType = wrapper.application; includeInIndex = 0; path = "Week 3 Homework App.app"; sourceTree = BUILT_PRODUCTS_DIR; };
		26FE1EAF27BD57AB00EA5C67 /* Week_3_Homework_AppApp.swift */ = {isa = PBXFileReference; lastKnownFileType = sourcecode.swift; path = Week_3_Homework_AppApp.swift; sourceTree = "<group>"; };
		26FE1EB127BD57AB00EA5C67 /* ContentView.swift */ = {isa = PBXFileReference; lastKnownFileType = sourcecode.swift; path = ContentView.swift; sourceTree = "<group>"; };
		26FE1EB327BD57B100EA5C67 /* Assets.xcassets */ = {isa = PBXFileReference; lastKnownFileType = folder.assetcatalog; path = Assets.xcassets; sourceTree = "<group>"; };
		26FE1EB627BD57B100EA5C67 /* Preview Assets.xcassets */ = {isa = PBXFileReference; lastKnownFileType = folder.assetcatalog; path = "Preview Assets.xcassets"; sourceTree = "<group>"; };
		26FE1EBC27BD57B100EA5C67 /* Week 3 Homework AppTests.xctest */ = {isa = PBXFileReference; explicitFileType = wrapper.cfbundle; includeInIndex = 0; path = "Week 3 Homework AppTests.xctest"; sourceTree = BUILT_PRODUCTS_DIR; };
		26FE1EC027BD57B100EA5C67 /* Week_3_Homework_AppTests.swift */ = {isa = PBXFileReference; lastKnownFileType = sourcecode.swift; path = Week_3_Homework_AppTests.swift; sourceTree = "<group>"; };
		26FE1EC627BD57B100EA5C67 /* Week 3 Homework AppUITests.xctest */ = {isa = PBXFileReference; explicitFileType = wrapper.cfbundle; includeInIndex = 0; path = "Week 3 Homework AppUITests.xctest"; sourceTree = BUILT_PRODUCTS_DIR; };
		26FE1ECA27BD57B100EA5C67 /* Week_3_Homework_AppUITests.swift */ = {isa = PBXFileReference; lastKnownFileType = sourcecode.swift; path = Week_3_Homework_AppUITests.swift; sourceTree = "<group>"; };
		26FE1ECC27BD57B100EA5C67 /* Week_3_Homework_AppUITestsLaunchTests.swift */ = {isa = PBXFileReference; lastKnownFileType = sourcecode.swift; path = Week_3_Homework_AppUITestsLaunchTests.swift; sourceTree = "<group>"; };
		26FE1EDB27BD6EE000EA5C67 /* Paradise.swift */ = {isa = PBXFileReference; fileEncoding = 4; lastKnownFileType = sourcecode.swift; path = Paradise.swift; sourceTree = "<group>"; };
		26FE1EDC27BD6EE200EA5C67 /* Paradises.xcassets */ = {isa = PBXFileReference; lastKnownFileType = folder.assetcatalog; path = Paradises.xcassets; sourceTree = "<group>"; };
		26FE1EDF27BDB44400EA5C67 /* ParadiseDetail.swift */ = {isa = PBXFileReference; lastKnownFileType = sourcecode.swift; path = ParadiseDetail.swift; sourceTree = "<group>"; };
		26FE1F3C27C74B2100EA5C67 /* 2.wav */ = {isa = PBXFileReference; lastKnownFileType = audio.wav; name = 2.wav; path = ../../../../../../../../Desktop/2.wav; sourceTree = "<group>"; };
		26FE1F3D27C74B2100EA5C67 /* 1.wav */ = {isa = PBXFileReference; lastKnownFileType = audio.wav; name = 1.wav; path = ../../../../../../../../Desktop/1.wav; sourceTree = "<group>"; };
		26FE1F3E27C74B2100EA5C67 /* 3.wav */ = {isa = PBXFileReference; lastKnownFileType = audio.wav; name = 3.wav; path = ../../../../../../../../Desktop/3.wav; sourceTree = "<group>"; };
		26FE1F4227C74B5A00EA5C67 /* Page1.swift */ = {isa = PBXFileReference; lastKnownFileType = sourcecode.swift; path = Page1.swift; sourceTree = "<group>"; };
/* End PBXFileReference section */

/* Begin PBXFrameworksBuildPhase section */
		26FE1EA927BD57AB00EA5C67 /* Frameworks */ = {
			isa = PBXFrameworksBuildPhase;
			buildActionMask = 2147483647;
			files = (
			);
			runOnlyForDeploymentPostprocessing = 0;
		};
		26FE1EB927BD57B100EA5C67 /* Frameworks */ = {
			isa = PBXFrameworksBuildPhase;
			buildActionMask = 2147483647;
			files = (
			);
			runOnlyForDeploymentPostprocessing = 0;
		};
		26FE1EC327BD57B100EA5C67 /* Frameworks */ = {
			isa = PBXFrameworksBuildPhase;
			buildActionMask = 2147483647;
			files = (
			);
			runOnlyForDeploymentPostprocessing = 0;
		};
/* End PBXFrameworksBuildPhase section */

/* Begin PBXGroup section */
		26FE1EA327BD57AB00EA5C67 = {
			isa = PBXGroup;
			children = (
				26FE1EAE27BD57AB00EA5C67 /* Week 3 Homework App */,
				26FE1EBF27BD57B100EA5C67 /* Week 3 Homework AppTests */,
				26FE1EC927BD57B100EA5C67 /* Week 3 Homework AppUITests */,
				26FE1EAD27BD57AB00EA5C67 /* Products */,
			);
			sourceTree = "<group>";
		};
		26FE1EAD27BD57AB00EA5C67 /* Products */ = {
			isa = PBXGroup;
			children = (
				26FE1EAC27BD57AB00EA5C67 /* Week 3 Homework App.app */,
				26FE1EBC27BD57B100EA5C67 /* Week 3 Homework AppTests.xctest */,
				26FE1EC627BD57B100EA5C67 /* Week 3 Homework AppUITests.xctest */,
			);
			name = Products;
			sourceTree = "<group>";
		};
		26FE1EAE27BD57AB00EA5C67 /* Week 3 Homework App */ = {
			isa = PBXGroup;
			children = (
				26FE1EAF27BD57AB00EA5C67 /* Week_3_Homework_AppApp.swift */,
				26FE1EB127BD57AB00EA5C67 /* ContentView.swift */,
				26FE1EDF27BDB44400EA5C67 /* ParadiseDetail.swift */,
				26FE1EDB27BD6EE000EA5C67 /* Paradise.swift */,
				26FE1F4227C74B5A00EA5C67 /* Page1.swift */,
				26FE1EDC27BD6EE200EA5C67 /* Paradises.xcassets */,
				26FE1EB327BD57B100EA5C67 /* Assets.xcassets */,
				26FE1EB527BD57B100EA5C67 /* Preview Content */,
			);
			path = "Week 3 Homework App";
			sourceTree = "<group>";
		};
		26FE1EB527BD57B100EA5C67 /* Preview Content */ = {
			isa = PBXGroup;
			children = (
				26FE1F3727C748CA00EA5C67 /* Resources */,
				26FE1EB627BD57B100EA5C67 /* Preview Assets.xcassets */,
			);
			path = "Preview Content";
			sourceTree = "<group>";
		};
		26FE1EBF27BD57B100EA5C67 /* Week 3 Homework AppTests */ = {
			isa = PBXGroup;
			children = (
				26FE1EC027BD57B100EA5C67 /* Week_3_Homework_AppTests.swift */,
			);
			path = "Week 3 Homework AppTests";
			sourceTree = "<group>";
		};
		26FE1EC927BD57B100EA5C67 /* Week 3 Homework AppUITests */ = {
			isa = PBXGroup;
			children = (
				26FE1ECA27BD57B100EA5C67 /* Week_3_Homework_AppUITests.swift */,
				26FE1ECC27BD57B100EA5C67 /* Week_3_Homework_AppUITestsLaunchTests.swift */,
			);
			path = "Week 3 Homework AppUITests";
			sourceTree = "<group>";
		};
		26FE1F3727C748CA00EA5C67 /* Resources */ = {
			isa = PBXGroup;
			children = (
				26FE1F3D27C74B2100EA5C67 /* 1.wav */,
				26FE1F3C27C74B2100EA5C67 /* 2.wav */,
				26FE1F3E27C74B2100EA5C67 /* 3.wav */,
			);
			path = Resources;
			sourceTree = "<group>";
		};
/* End PBXGroup section */

/* Begin PBXNativeTarget section */
		26FE1EAB27BD57AB00EA5C67 /* Week 3 Homework App */ = {
			isa = PBXNativeTarget;
			buildConfigurationList = 26FE1ED027BD57B100EA5C67 /* Build configuration list for PBXNativeTarget "Week 3 Homework App" */;
			buildPhases = (
				26FE1EA827BD57AB00EA5C67 /* Sources */,
				26FE1EA927BD57AB00EA5C67 /* Frameworks */,
				26FE1EAA27BD57AB00EA5C67 /* Resources */,
			);
			buildRules = (
			);
			dependencies = (
			);
			name = "Week 3 Homework App";
			productName = "Week 3 Homework App";
			productReference = 26FE1EAC27BD57AB00EA5C67 /* Week 3 Homework App.app */;
			productType = "com.apple.product-type.application";
		};
		26FE1EBB27BD57B100EA5C67 /* Week 3 Homework AppTests */ = {
			isa = PBXNativeTarget;
			buildConfigurationList = 26FE1ED327BD57B100EA5C67 /* Build configuration list for PBXNativeTarget "Week 3 Homework AppTests" */;
			buildPhases = (
				26FE1EB827BD57B100EA5C67 /* Sources */,
				26FE1EB927BD57B100EA5C67 /* Frameworks */,
				26FE1EBA27BD57B100EA5C67 /* Resources */,
			);
			buildRules = (
			);
			dependencies = (
				26FE1EBE27BD57B100EA5C67 /* PBXTargetDependency */,
			);
			name = "Week 3 Homework AppTests";
			productName = "Week 3 Homework AppTests";
			productReference = 26FE1EBC27BD57B100EA5C67 /* Week 3 Homework AppTests.xctest */;
			productType = "com.apple.product-type.bundle.unit-test";
		};
		26FE1EC527BD57B100EA5C67 /* Week 3 Homework AppUITests */ = {
			isa = PBXNativeTarget;
			buildConfigurationList = 26FE1ED627BD57B100EA5C67 /* Build configuration list for PBXNativeTarget "Week 3 Homework AppUITests" */;
			buildPhases = (
				26FE1EC227BD57B100EA5C67 /* Sources */,
				26FE1EC327BD57B100EA5C67 /* Frameworks */,
				26FE1EC427BD57B100EA5C67 /* Resources */,
			);
			buildRules = (
			);
			dependencies = (
				26FE1EC827BD57B100EA5C67 /* PBXTargetDependency */,
			);
			name = "Week 3 Homework AppUITests";
			productName = "Week 3 Homework AppUITests";
			productReference = 26FE1EC627BD57B100EA5C67 /* Week 3 Homework AppUITests.xctest */;
			productType = "com.apple.product-type.bundle.ui-testing";
		};
/* End PBXNativeTarget section */

/* Begin PBXProject section */
		26FE1EA427BD57AB00EA5C67 /* Project object */ = {
			isa = PBXProject;
			attributes = {
				BuildIndependentTargetsInParallel = 1;
				LastSwiftUpdateCheck = 1320;
				LastUpgradeCheck = 1320;
				TargetAttributes = {
					26FE1EAB27BD57AB00EA5C67 = {
						CreatedOnToolsVersion = 13.2.1;
					};
					26FE1EBB27BD57B100EA5C67 = {
						CreatedOnToolsVersion = 13.2.1;
						TestTargetID = 26FE1EAB27BD57AB00EA5C67;
					};
					26FE1EC527BD57B100EA5C67 = {
						CreatedOnToolsVersion = 13.2.1;
						TestTargetID = 26FE1EAB27BD57AB00EA5C67;
					};
				};
			};
			buildConfigurationList = 26FE1EA727BD57AB00EA5C67 /* Build configuration list for PBXProject "Week 3 Homework App" */;
			compatibilityVersion = "Xcode 13.0";
			developmentRegion = en;
			hasScannedForEncodings = 0;
			knownRegions = (
				en,
				Base,
			);
			mainGroup = 26FE1EA327BD57AB00EA5C67;
			productRefGroup = 26FE1EAD27BD57AB00EA5C67 /* Products */;
			projectDirPath = "";
			projectRoot = "";
			targets = (
				26FE1EAB27BD57AB00EA5C67 /* Week 3 Homework App */,
				26FE1EBB27BD57B100EA5C67 /* Week 3 Homework AppTests */,
				26FE1EC527BD57B100EA5C67 /* Week 3 Homework AppUITests */,
			);
		};
/* End PBXProject section */

/* Begin PBXResourcesBuildPhase section */
		26FE1EAA27BD57AB00EA5C67 /* Resources */ = {
			isa = PBXResourcesBuildPhase;
			buildActionMask = 2147483647;
			files = (
				26FE1F4127C74B2100EA5C67 /* 3.wav in Resources */,
				26FE1F4027C74B2100EA5C67 /* 1.wav in Resources */,
				26FE1EDE27BD6EE200EA5C67 /* Paradises.xcassets in Resources */,
				26FE1EB727BD57B100EA5C67 /* Preview Assets.xcassets in Resources */,
				26FE1EB427BD57B100EA5C67 /* Assets.xcassets in Resources */,
				26FE1F3F27C74B2100EA5C67 /* 2.wav in Resources */,
			);
			runOnlyForDeploymentPostprocessing = 0;
		};
		26FE1EBA27BD57B100EA5C67 /* Resources */ = {
			isa = PBXResourcesBuildPhase;
			buildActionMask = 2147483647;
			files = (
			);
			runOnlyForDeploymentPostprocessing = 0;
		};
		26FE1EC427BD57B100EA5C67 /* Resources */ = {
			isa = PBXResourcesBuildPhase;
			buildActionMask = 2147483647;
			files = (
			);
			runOnlyForDeploymentPostprocessing = 0;
		};
/* End PBXResourcesBuildPhase section */

/* Begin PBXSourcesBuildPhase section */
		26FE1EA827BD57AB00EA5C67 /* Sources */ = {
			isa = PBXSourcesBuildPhase;
			buildActionMask = 2147483647;
			files = (
				26FE1EB227BD57AB00EA5C67 /* ContentView.swift in Sources */,
				26FE1EB027BD57AB00EA5C67 /* Week_3_Homework_AppApp.swift in Sources */,
				26FE1EDD27BD6EE200EA5C67 /* Paradise.swift in Sources */,
				26FE1F4327C74B5A00EA5C67 /* Page1.swift in Sources */,
				26FE1EE027BDB44400EA5C67 /* ParadiseDetail.swift in Sources */,
			);
			runOnlyForDeploymentPostprocessing = 0;
		};
		26FE1EB827BD57B100EA5C67 /* Sources */ = {
			isa = PBXSourcesBuildPhase;
			buildActionMask = 2147483647;
			files = (
				26FE1EC127BD57B100EA5C67 /* Week_3_Homework_AppTests.swift in Sources */,
			);
			runOnlyForDeploymentPostprocessing = 0;
		};
		26FE1EC227BD57B100EA5C67 /* Sources */ = {
			isa = PBXSourcesBuildPhase;
			buildActionMask = 2147483647;
			files = (
				26FE1ECD27BD57B100EA5C67 /* Week_3_Homework_AppUITestsLaunchTests.swift in Sources */,
				26FE1ECB27BD57B100EA5C67 /* Week_3_Homework_AppUITests.swift in Sources */,
			);
			runOnlyForDeploymentPostprocessing = 0;
		};
/* End PBXSourcesBuildPhase section */

/* Begin PBXTargetDependency section */
		26FE1EBE27BD57B100EA5C67 /* PBXTargetDependency */ = {
			isa = PBXTargetDependency;
			target = 26FE1EAB27BD57AB00EA5C67 /* Week 3 Homework App */;
			targetProxy = 26FE1EBD27BD57B100EA5C67 /* PBXContainerItemProxy */;
		};
		26FE1EC827BD57B100EA5C67 /* PBXTargetDependency */ = {
			isa = PBXTargetDependency;
			target = 26FE1EAB27BD57AB00EA5C67 /* Week 3 Homework App */;
			targetProxy = 26FE1EC727BD57B100EA5C67 /* PBXContainerItemProxy */;
		};
/* End PBXTargetDependency section */

/* Begin XCBuildConfiguration section */
		26FE1ECE27BD57B100EA5C67 /* Debug */ = {
			isa = XCBuildConfiguration;
			buildSettings = {
				ALWAYS_SEARCH_USER_PATHS = NO;
				CLANG_ANALYZER_NONNULL = YES;
				CLANG_ANALYZER_NUMBER_OBJECT_CONVERSION = YES_AGGRESSIVE;
				CLANG_CXX_LANGUAGE_STANDARD = "gnu++17";
				CLANG_CXX_LIBRARY = "libc++";
				CLANG_ENABLE_MODULES = YES;
				CLANG_ENABLE_OBJC_ARC = YES;
				CLANG_ENABLE_OBJC_WEAK = YES;
				CLANG_WARN_BLOCK_CAPTURE_AUTORELEASING = YES;
				CLANG_WARN_BOOL_CONVERSION = YES;
				CLANG_WARN_COMMA = YES;
				CLANG_WARN_CONSTANT_CONVERSION = YES;
				CLANG_WARN_DEPRECATED_OBJC_IMPLEMENTATIONS = YES;
				CLANG_WARN_DIRECT_OBJC_ISA_USAGE = YES_ERROR;
				CLANG_WARN_DOCUMENTATION_COMMENTS = YES;
				CLANG_WARN_EMPTY_BODY = YES;
				CLANG_WARN_ENUM_CONVERSION = YES;
				CLANG_WARN_INFINITE_RECURSION = YES;
				CLANG_WARN_INT_CONVERSION = YES;
				CLANG_WARN_NON_LITERAL_NULL_CONVERSION = YES;
				CLANG_WARN_OBJC_IMPLICIT_RETAIN_SELF = YES;
				CLANG_WARN_OBJC_LITERAL_CONVERSION = YES;
				CLANG_WARN_OBJC_ROOT_CLASS = YES_ERROR;
				CLANG_WARN_QUOTED_INCLUDE_IN_FRAMEWORK_HEADER = YES;
				CLANG_WARN_RANGE_LOOP_ANALYSIS = YES;
				CLANG_WARN_STRICT_PROTOTYPES = YES;
				CLANG_WARN_SUSPICIOUS_MOVE = YES;
				CLANG_WARN_UNGUARDED_AVAILABILITY = YES_AGGRESSIVE;
				CLANG_WARN_UNREACHABLE_CODE = YES;
				CLANG_WARN__DUPLICATE_METHOD_MATCH = YES;
				COPY_PHASE_STRIP = NO;
				DEBUG_INFORMATION_FORMAT = dwarf;
				ENABLE_STRICT_OBJC_MSGSEND = YES;
				ENABLE_TESTABILITY = YES;
				GCC_C_LANGUAGE_STANDARD = gnu11;
				GCC_DYNAMIC_NO_PIC = NO;
				GCC_NO_COMMON_BLOCKS = YES;
				GCC_OPTIMIZATION_LEVEL = 0;
				GCC_PREPROCESSOR_DEFINITIONS = (
					"DEBUG=1",
					"$(inherited)",
				);
				GCC_WARN_64_TO_32_BIT_CONVERSION = YES;
				GCC_WARN_ABOUT_RETURN_TYPE = YES_ERROR;
				GCC_WARN_UNDECLARED_SELECTOR = YES;
				GCC_WARN_UNINITIALIZED_AUTOS = YES_AGGRESSIVE;
				GCC_WARN_UNUSED_FUNCTION = YES;
				GCC_WARN_UNUSED_VARIABLE = YES;
				IPHONEOS_DEPLOYMENT_TARGET = 15.2;
				MTL_ENABLE_DEBUG_INFO = INCLUDE_SOURCE;
				MTL_FAST_MATH = YES;
				ONLY_ACTIVE_ARCH = YES;
				SDKROOT = iphoneos;
				SWIFT_ACTIVE_COMPILATION_CONDITIONS = DEBUG;
				SWIFT_OPTIMIZATION_LEVEL = "-Onone";
			};
			name = Debug;
		};
		26FE1ECF27BD57B100EA5C67 /* Release */ = {
			isa = XCBuildConfiguration;
			buildSettings = {
				ALWAYS_SEARCH_USER_PATHS = NO;
				CLANG_ANALYZER_NONNULL = YES;
				CLANG_ANALYZER_NUMBER_OBJECT_CONVERSION = YES_AGGRESSIVE;
				CLANG_CXX_LANGUAGE_STANDARD = "gnu++17";
				CLANG_CXX_LIBRARY = "libc++";
				CLANG_ENABLE_MODULES = YES;
				CLANG_ENABLE_OBJC_ARC = YES;
				CLANG_ENABLE_OBJC_WEAK = YES;
				CLANG_WARN_BLOCK_CAPTURE_AUTORELEASING = YES;
				CLANG_WARN_BOOL_CONVERSION = YES;
				CLANG_WARN_COMMA = YES;
				CLANG_WARN_CONSTANT_CONVERSION = YES;
				CLANG_WARN_DEPRECATED_OBJC_IMPLEMENTATIONS = YES;
				CLANG_WARN_DIRECT_OBJC_ISA_USAGE = YES_ERROR;
				CLANG_WARN_DOCUMENTATION_COMMENTS = YES;
				CLANG_WARN_EMPTY_BODY = YES;
				CLANG_WARN_ENUM_CONVERSION = YES;
				CLANG_WARN_INFINITE_RECURSION = YES;
				CLANG_WARN_INT_CONVERSION = YES;
				CLANG_WARN_NON_LITERAL_NULL_CONVERSION = YES;
				CLANG_WARN_OBJC_IMPLICIT_RETAIN_SELF = YES;
				CLANG_WARN_OBJC_LITERAL_CONVERSION = YES;
				CLANG_WARN_OBJC_ROOT_CLASS = YES_ERROR;
				CLANG_WARN_QUOTED_INCLUDE_IN_FRAMEWORK_HEADER = YES;
				CLANG_WARN_RANGE_LOOP_ANALYSIS = YES;
				CLANG_WARN_STRICT_PROTOTYPES = YES;
				CLANG_WARN_SUSPICIOUS_MOVE = YES;
				CLANG_WARN_UNGUARDED_AVAILABILITY = YES_AGGRESSIVE;
				CLANG_WARN_UNREACHABLE_CODE = YES;
				CLANG_WARN__DUPLICATE_METHOD_MATCH = YES;
				COPY_PHASE_STRIP = NO;
				DEBUG_INFORMATION_FORMAT = "dwarf-with-dsym";
				ENABLE_NS_ASSERTIONS = NO;
				ENABLE_STRICT_OBJC_MSGSEND = YES;
				GCC_C_LANGUAGE_STANDARD = gnu11;
				GCC_NO_COMMON_BLOCKS = YES;
				GCC_WARN_64_TO_32_BIT_CONVERSION = YES;
				GCC_WARN_ABOUT_RETURN_TYPE = YES_ERROR;
				GCC_WARN_UNDECLARED_SELECTOR = YES;
				GCC_WARN_UNINITIALIZED_AUTOS = YES_AGGRESSIVE;
				GCC_WARN_UNUSED_FUNCTION = YES;
				GCC_WARN_UNUSED_VARIABLE = YES;
				IPHONEOS_DEPLOYMENT_TARGET = 15.2;
				MTL_ENABLE_DEBUG_INFO = NO;
				MTL_FAST_MATH = YES;
				SDKROOT = iphoneos;
				SWIFT_COMPILATION_MODE = wholemodule;
				SWIFT_OPTIMIZATION_LEVEL = "-O";
				VALIDATE_PRODUCT = YES;
			};
			name = Release;
		};
		26FE1ED127BD57B100EA5C67 /* Debug */ = {
			isa = XCBuildConfiguration;
			buildSettings = {
				ASSETCATALOG_COMPILER_APPICON_NAME = AppIcon;
				ASSETCATALOG_COMPILER_GLOBAL_ACCENT_COLOR_NAME = AccentColor;
				CODE_SIGN_STYLE = Automatic;
				CURRENT_PROJECT_VERSION = 1;
				DEVELOPMENT_ASSET_PATHS = "\"Week 3 Homework App/Preview Content\"";
				ENABLE_PREVIEWS = YES;
				GENERATE_INFOPLIST_FILE = YES;
				INFOPLIST_KEY_UIApplicationSceneManifest_Generation = YES;
				INFOPLIST_KEY_UIApplicationSupportsIndirectInputEvents = YES;
				INFOPLIST_KEY_UILaunchScreen_Generation = YES;
				INFOPLIST_KEY_UISupportedInterfaceOrientations_iPad = "UIInterfaceOrientationPortrait UIInterfaceOrientationPortraitUpsideDown UIInterfaceOrientationLandscapeLeft UIInterfaceOrientationLandscapeRight";
				INFOPLIST_KEY_UISupportedInterfaceOrientations_iPhone = "UIInterfaceOrientationPortrait UIInterfaceOrientationLandscapeLeft UIInterfaceOrientationLandscapeRight";
				LD_RUNPATH_SEARCH_PATHS = (
					"$(inherited)",
					"@executable_path/Frameworks",
				);
				MARKETING_VERSION = 1.0;
				PRODUCT_BUNDLE_IDENTIFIER = "-.Week-3-Homework-App";
				PRODUCT_NAME = "$(TARGET_NAME)";
				SWIFT_EMIT_LOC_STRINGS = YES;
				SWIFT_VERSION = 5.0;
				TARGETED_DEVICE_FAMILY = "1,2";
			};
			name = Debug;
		};
		26FE1ED227BD57B100EA5C67 /* Release */ = {
			isa = XCBuildConfiguration;
			buildSettings = {
				ASSETCATALOG_COMPILER_APPICON_NAME = AppIcon;
				ASSETCATALOG_COMPILER_GLOBAL_ACCENT_COLOR_NAME = AccentColor;
				CODE_SIGN_STYLE = Automatic;
				CURRENT_PROJECT_VERSION = 1;
				DEVELOPMENT_ASSET_PATHS = "\"Week 3 Homework App/Preview Content\"";
				ENABLE_PREVIEWS = YES;
				GENERATE_INFOPLIST_FILE = YES;
				INFOPLIST_KEY_UIApplicationSceneManifest_Generation = YES;
				INFOPLIST_KEY_UIApplicationSupportsIndirectInputEvents = YES;
				INFOPLIST_KEY_UILaunchScreen_Generation = YES;
				INFOPLIST_KEY_UISupportedInterfaceOrientations_iPad = "UIInterfaceOrientationPortrait UIInterfaceOrientationPortraitUpsideDown UIInterfaceOrientationLandscapeLeft UIInterfaceOrientationLandscapeRight";
				INFOPLIST_KEY_UISupportedInterfaceOrientations_iPhone = "UIInterfaceOrientationPortrait UIInterfaceOrientationLandscapeLeft UIInterfaceOrientationLandscapeRight";
				LD_RUNPATH_SEARCH_PATHS = (
					"$(inherited)",
					"@executable_path/Frameworks",
				);
				MARKETING_VERSION = 1.0;
				PRODUCT_BUNDLE_IDENTIFIER = "-.Week-3-Homework-App";
				PRODUCT_NAME = "$(TARGET_NAME)";
				SWIFT_EMIT_LOC_STRINGS = YES;
				SWIFT_VERSION = 5.0;
				TARGETED_DEVICE_FAMILY = "1,2";
			};
			name = Release;
		};
		26FE1ED427BD57B100EA5C67 /* Debug */ = {
			isa = XCBuildConfiguration;
			buildSettings = {
				ALWAYS_EMBED_SWIFT_STANDARD_LIBRARIES = YES;
				BUNDLE_LOADER = "$(TEST_HOST)";
				CODE_SIGN_STYLE = Automatic;
				CURRENT_PROJECT_VERSION = 1;
				GENERATE_INFOPLIST_FILE = YES;
				IPHONEOS_DEPLOYMENT_TARGET = 15.2;
				MARKETING_VERSION = 1.0;
				PRODUCT_BUNDLE_IDENTIFIER = "-.Week-3-Homework-AppTests";
				PRODUCT_NAME = "$(TARGET_NAME)";
				SWIFT_EMIT_LOC_STRINGS = NO;
				SWIFT_VERSION = 5.0;
				TARGETED_DEVICE_FAMILY = "1,2";
				TEST_HOST = "$(BUILT_PRODUCTS_DIR)/Week 3 Homework App.app/Week 3 Homework App";
			};
			name = Debug;
		};
		26FE1ED527BD57B100EA5C67 /* Release */ = {
			isa = XCBuildConfiguration;
			buildSettings = {
				ALWAYS_EMBED_SWIFT_STANDARD_LIBRARIES = YES;
				BUNDLE_LOADER = "$(TEST_HOST)";
				CODE_SIGN_STYLE = Automatic;
				CURRENT_PROJECT_VERSION = 1;
				GENERATE_INFOPLIST_FILE = YES;
				IPHONEOS_DEPLOYMENT_TARGET = 15.2;
				MARKETING_VERSION = 1.0;
				PRODUCT_BUNDLE_IDENTIFIER = "-.Week-3-Homework-AppTests";
				PRODUCT_NAME = "$(TARGET_NAME)";
				SWIFT_EMIT_LOC_STRINGS = NO;
				SWIFT_VERSION = 5.0;
				TARGETED_DEVICE_FAMILY = "1,2";
				TEST_HOST = "$(BUILT_PRODUCTS_DIR)/Week 3 Homework App.app/Week 3 Homework App";
			};
			name = Release;
		};
		26FE1ED727BD57B100EA5C67 /* Debug */ = {
			isa = XCBuildConfiguration;
			buildSettings = {
				ALWAYS_EMBED_SWIFT_STANDARD_LIBRARIES = YES;
				CODE_SIGN_STYLE = Automatic;
				CURRENT_PROJECT_VERSION = 1;
				GENERATE_INFOPLIST_FILE = YES;
				MARKETING_VERSION = 1.0;
				PRODUCT_BUNDLE_IDENTIFIER = "-.Week-3-Homework-AppUITests";
				PRODUCT_NAME = "$(TARGET_NAME)";
				SWIFT_EMIT_LOC_STRINGS = NO;
				SWIFT_VERSION = 5.0;
				TARGETED_DEVICE_FAMILY = "1,2";
				TEST_TARGET_NAME = "Week 3 Homework App";
			};
			name = Debug;
		};
		26FE1ED827BD57B100EA5C67 /* Release */ = {
			isa = XCBuildConfiguration;
			buildSettings = {
				ALWAYS_EMBED_SWIFT_STANDARD_LIBRARIES = YES;
				CODE_SIGN_STYLE = Automatic;
				CURRENT_PROJECT_VERSION = 1;
				GENERATE_INFOPLIST_FILE = YES;
				MARKETING_VERSION = 1.0;
				PRODUCT_BUNDLE_IDENTIFIER = "-.Week-3-Homework-AppUITests";
				PRODUCT_NAME = "$(TARGET_NAME)";
				SWIFT_EMIT_LOC_STRINGS = NO;
				SWIFT_VERSION = 5.0;
				TARGETED_DEVICE_FAMILY = "1,2";
				TEST_TARGET_NAME = "Week 3 Homework App";
			};
			name = Release;
		};
/* End XCBuildConfiguration section */

/* Begin XCConfigurationList section */
		26FE1EA727BD57AB00EA5C67 /* Build configuration list for PBXProject "Week 3 Homework App" */ = {
			isa = XCConfigurationList;
			buildConfigurations = (
				26FE1ECE27BD57B100EA5C67 /* Debug */,
				26FE1ECF27BD57B100EA5C67 /* Release */,
			);
			defaultConfigurationIsVisible = 0;
			defaultConfigurationName = Release;
		};
		26FE1ED027BD57B100EA5C67 /* Build configuration list for PBXNativeTarget "Week 3 Homework App" */ = {
			isa = XCConfigurationList;
			buildConfigurations = (
				26FE1ED127BD57B100EA5C67 /* Debug */,
				26FE1ED227BD57B100EA5C67 /* Release */,
			);
			defaultConfigurationIsVisible = 0;
			defaultConfigurationName = Release;
		};
		26FE1ED327BD57B100EA5C67 /* Build configuration list for PBXNativeTarget "Week 3 Homework AppTests" */ = {
			isa = XCConfigurationList;
			buildConfigurations = (
				26FE1ED427BD57B100EA5C67 /* Debug */,
				26FE1ED527BD57B100EA5C67 /* Release */,
			);
			defaultConfigurationIsVisible = 0;
			defaultConfigurationName = Release;
		};
		26FE1ED627BD57B100EA5C67 /* Build configuration list for PBXNativeTarget "Week 3 Homework AppUITests" */ = {
			isa = XCConfigurationList;
			buildConfigurations = (
				26FE1ED727BD57B100EA5C67 /* Debug */,
				26FE1ED827BD57B100EA5C67 /* Release */,
			);
			defaultConfigurationIsVisible = 0;
			defaultConfigurationName = Release;
		};
/* End XCConfigurationList section */
	};
	rootObject = 26FE1EA427BD57AB00EA5C67 /* Project object */;
}
